
Microsoft Visual Studio Solution File, Format Version 12.00
Project("{FAE04EC0-301F-11D3-BF4B-00C04F79EFBC}") = "ModStats.API", "ModStats.API.csproj", "{1F094B8F-4F20-4846-B307-0EF4612EB0C6}"
EndProject
Global
	GlobalSection(SolutionConfigurationPlatforms) = preSolution
		Debug|Any CPU = Debug|Any CPU
		Release|Any CPU = Release|Any CPU
	EndGlobalSection
	GlobalSection(ProjectConfigurationPlatforms) = postSolution
		{1F094B8F-4F20-4846-B307-0EF4612EB0C6}.Debug|Any CPU.ActiveCfg = Debug|Any CPU
		{1F094B8F-4F20-4846-B307-0EF4612EB0C6}.Debug|Any CPU.Build.0 = Debug|Any CPU
		{1F094B8F-4F20-4846-B307-0EF4612EB0C6}.Release|Any CPU.ActiveCfg = Release|Any CPU
		{1F094B8F-4F20-4846-B307-0EF4612EB0C6}.Release|Any CPU.Build.0 = Release|Any CPU
	EndGlobalSection
EndGlobal
